
Microsoft Visual Studio Solution File, Format Version 12.00
# Visual Studio Version 16
VisualStudioVersion = 16.0.33423.256
MinimumVisualStudioVersion = 10.0.40219.1
Project("{FAE04EC0-301F-11D3-BF4B-00C04F79EFBC}") = "RegisterAndLoginApp", "RegisterAndLoginApp\RegisterAndLoginApp.csproj", "{1952CC69-488A-4C8D-B10D-DD286A11BB94}"
EndProject
Global
	GlobalSection(SolutionConfigurationPlatforms) = preSolution
		Debug|Any CPU = Debug|Any CPU
		Release|Any CPU = Release|Any CPU
	EndGlobalSection
	GlobalSection(ProjectConfigurationPlatforms) = postSolution
		{1952CC69-488A-4C8D-B10D-DD286A11BB94}.Debug|Any CPU.ActiveCfg = Debug|Any CPU
		{1952CC69-488A-4C8D-B10D-DD286A11BB94}.Debug|Any CPU.Build.0 = Debug|Any CPU
		{1952CC69-488A-4C8D-B10D-DD286A11BB94}.Release|Any CPU.ActiveCfg = Release|Any CPU
		{1952CC69-488A-4C8D-B10D-DD286A11BB94}.Release|Any CPU.Build.0 = Release|Any CPU
	EndGlobalSection
	GlobalSection(SolutionProperties) = preSolution
		HideSolutionNode = FALSE
	EndGlobalSection
	GlobalSection(ExtensibilityGlobals) = postSolution
		SolutionGuid = {2746C974-FFC8-49F7-9B1F-14BEA6E1D21F}
	EndGlobalSection
EndGlobal
